
Microsoft Visual Studio Solution File, Format Version 12.00
# Visual Studio Version 17
VisualStudioVersion = 17.8.34525.116
MinimumVisualStudioVersion = 10.0.40219.1
Project("{8BC9CEB8-8B4A-11D0-8D11-00A0C91BC942}") = "Lb_7.3", "Lb_7.3\Lb_7.3.vcxproj", "{76B0E6B5-B177-4752-A7CE-D71A859EB917}"
EndProject
Global
	GlobalSection(SolutionConfigurationPlatforms) = preSolution
		Debug|x64 = Debug|x64
		Debug|x86 = Debug|x86
		Release|x64 = Release|x64
		Release|x86 = Release|x86
	EndGlobalSection
	GlobalSection(ProjectConfigurationPlatforms) = postSolution
		{76B0E6B5-B177-4752-A7CE-D71A859EB917}.Debug|x64.ActiveCfg = Debug|x64
		{76B0E6B5-B177-4752-A7CE-D71A859EB917}.Debug|x64.Build.0 = Debug|x64
		{76B0E6B5-B177-4752-A7CE-D71A859EB917}.Debug|x86.ActiveCfg = Debug|Win32
		{76B0E6B5-B177-4752-A7CE-D71A859EB917}.Debug|x86.Build.0 = Debug|Win32
		{76B0E6B5-B177-4752-A7CE-D71A859EB917}.Release|x64.ActiveCfg = Release|x64
		{76B0E6B5-B177-4752-A7CE-D71A859EB917}.Release|x64.Build.0 = Release|x64
		{76B0E6B5-B177-4752-A7CE-D71A859EB917}.Release|x86.ActiveCfg = Release|Win32
		{76B0E6B5-B177-4752-A7CE-D71A859EB917}.Release|x86.Build.0 = Release|Win32
	EndGlobalSection
	GlobalSection(SolutionProperties) = preSolution
		HideSolutionNode = FALSE
	EndGlobalSection
	GlobalSection(ExtensibilityGlobals) = postSolution
		SolutionGuid = {DB78CC76-040D-4177-82E7-D8780D86FD23}
	EndGlobalSection
EndGlobal
